
Microsoft Visual Studio Solution File, Format Version 12.00
# Visual Studio Version 17
VisualStudioVersion = 17.5.33530.505
MinimumVisualStudioVersion = 10.0.40219.1
Project("{9A19103F-16F7-4668-BE54-9A1E7A4F7556}") = "Strings", "Strings.csproj", "{A632655D-F1B5-479A-B01A-1E319B5C5D78}"
EndProject
Global
	GlobalSection(SolutionConfigurationPlatforms) = preSolution
		Debug|Any CPU = Debug|Any CPU
		Release|Any CPU = Release|Any CPU
	EndGlobalSection
	GlobalSection(ProjectConfigurationPlatforms) = postSolution
		{A632655D-F1B5-479A-B01A-1E319B5C5D78}.Debug|Any CPU.ActiveCfg = Debug|Any CPU
		{A632655D-F1B5-479A-B01A-1E319B5C5D78}.Debug|Any CPU.Build.0 = Debug|Any CPU
		{A632655D-F1B5-479A-B01A-1E319B5C5D78}.Release|Any CPU.ActiveCfg = Release|Any CPU
		{A632655D-F1B5-479A-B01A-1E319B5C5D78}.Release|Any CPU.Build.0 = Release|Any CPU
	EndGlobalSection
	GlobalSection(SolutionProperties) = preSolution
		HideSolutionNode = FALSE
	EndGlobalSection
	GlobalSection(ExtensibilityGlobals) = postSolution
		SolutionGuid = {3196BFBA-3236-46E4-9C25-D6B2F6CD2947}
	EndGlobalSection
EndGlobal
